// !$*UTF8*$!
{
	archiveVersion = 1;
	classes = {
	};
	objectVersion = 56;
	objects = {

/* Begin PBXBuildFile section */
		6D5D6D1C2C8CCD950002BA68 /* AppDelegate.swift in Sources */ = {isa = PBXBuildFile; fileRef = 6D5D6D1B2C8CCD950002BA68 /* AppDelegate.swift */; };
		6D5D6D1E2C8CCD950002BA68 /* SceneDelegate.swift in Sources */ = {isa = PBXBuildFile; fileRef = 6D5D6D1D2C8CCD950002BA68 /* SceneDelegate.swift */; };
		6D5D6D202C8CCD950002BA68 /* ViewController.swift in Sources */ = {isa = PBXBuildFile; fileRef = 6D5D6D1F2C8CCD950002BA68 /* ViewController.swift */; };
		6D5D6D232C8CCD950002BA68 /* Base in Resources */ = {isa = PBXBuildFile; fileRef = 6D5D6D222C8CCD950002BA68 /* Base */; };
		6D5D6D252C8CCD970002BA68 /* Assets.xcassets in Resources */ = {isa = PBXBuildFile; fileRef = 6D5D6D242C8CCD970002BA68 /* Assets.xcassets */; };
		6D5D6D282C8CCD970002BA68 /* Base in Resources */ = {isa = PBXBuildFile; fileRef = 6D5D6D272C8CCD970002BA68 /* Base */; };
		6D5D6D332C8CCD980002BA68 /* avito_unsplash_testTests.swift in Sources */ = {isa = PBXBuildFile; fileRef = 6D5D6D322C8CCD980002BA68 /* avito_unsplash_testTests.swift */; };
		6D5D6D3D2C8CCD980002BA68 /* avito_unsplash_testUITests.swift in Sources */ = {isa = PBXBuildFile; fileRef = 6D5D6D3C2C8CCD980002BA68 /* avito_unsplash_testUITests.swift */; };
		6D5D6D3F2C8CCD980002BA68 /* avito_unsplash_testUITestsLaunchTests.swift in Sources */ = {isa = PBXBuildFile; fileRef = 6D5D6D3E2C8CCD980002BA68 /* avito_unsplash_testUITestsLaunchTests.swift */; };
/* End PBXBuildFile section */

/* Begin PBXContainerItemProxy section */
		6D5D6D2F2C8CCD980002BA68 /* PBXContainerItemProxy */ = {
			isa = PBXContainerItemProxy;
			containerPortal = 6D5D6D102C8CCD950002BA68 /* Project object */;
			proxyType = 1;
			remoteGlobalIDString = 6D5D6D172C8CCD950002BA68;
			remoteInfo = "avito-unsplash-test";
		};
		6D5D6D392C8CCD980002BA68 /* PBXContainerItemProxy */ = {
			isa = PBXContainerItemProxy;
			containerPortal = 6D5D6D102C8CCD950002BA68 /* Project object */;
			proxyType = 1;
			remoteGlobalIDString = 6D5D6D172C8CCD950002BA68;
			remoteInfo = "avito-unsplash-test";
		};
/* End PBXContainerItemProxy section */

/* Begin PBXFileReference section */
		6D5D6D182C8CCD950002BA68 /* avito-unsplash-test.app */ = {isa = PBXFileReference; explicitFileType = wrapper.application; includeInIndex = 0; path = "avito-unsplash-test.app"; sourceTree = BUILT_PRODUCTS_DIR; };
		6D5D6D1B2C8CCD950002BA68 /* AppDelegate.swift */ = {isa = PBXFileReference; lastKnownFileType = sourcecode.swift; path = AppDelegate.swift; sourceTree = "<group>"; };
		6D5D6D1D2C8CCD950002BA68 /* SceneDelegate.swift */ = {isa = PBXFileReference; lastKnownFileType = sourcecode.swift; path = SceneDelegate.swift; sourceTree = "<group>"; };
		6D5D6D1F2C8CCD950002BA68 /* ViewController.swift */ = {isa = PBXFileReference; lastKnownFileType = sourcecode.swift; path = ViewController.swift; sourceTree = "<group>"; };
		6D5D6D222C8CCD950002BA68 /* Base */ = {isa = PBXFileReference; lastKnownFileType = file.storyboard; name = Base; path = Base.lproj/Main.storyboard; sourceTree = "<group>"; };
		6D5D6D242C8CCD970002BA68 /* Assets.xcassets */ = {isa = PBXFileReference; lastKnownFileType = folder.assetcatalog; path = Assets.xcassets; sourceTree = "<group>"; };
		6D5D6D272C8CCD970002BA68 /* Base */ = {isa = PBXFileReference; lastKnownFileType = file.storyboard; name = Base; path = Base.lproj/LaunchScreen.storyboard; sourceTree = "<group>"; };
		6D5D6D292C8CCD970002BA68 /* Info.plist */ = {isa = PBXFileReference; lastKnownFileType = text.plist.xml; path = Info.plist; sourceTree = "<group>"; };
		6D5D6D2E2C8CCD980002BA68 /* avito-unsplash-testTests.xctest */ = {isa = PBXFileReference; explicitFileType = wrapper.cfbundle; includeInIndex = 0; path = "avito-unsplash-testTests.xctest"; sourceTree = BUILT_PRODUCTS_DIR; };
		6D5D6D322C8CCD980002BA68 /* avito_unsplash_testTests.swift */ = {isa = PBXFileReference; lastKnownFileType = sourcecode.swift; path = avito_unsplash_testTests.swift; sourceTree = "<group>"; };
		6D5D6D382C8CCD980002BA68 /* avito-unsplash-testUITests.xctest */ = {isa = PBXFileReference; explicitFileType = wrapper.cfbundle; includeInIndex = 0; path = "avito-unsplash-testUITests.xctest"; sourceTree = BUILT_PRODUCTS_DIR; };
		6D5D6D3C2C8CCD980002BA68 /* avito_unsplash_testUITests.swift */ = {isa = PBXFileReference; lastKnownFileType = sourcecode.swift; path = avito_unsplash_testUITests.swift; sourceTree = "<group>"; };
		6D5D6D3E2C8CCD980002BA68 /* avito_unsplash_testUITestsLaunchTests.swift */ = {isa = PBXFileReference; lastKnownFileType = sourcecode.swift; path = avito_unsplash_testUITestsLaunchTests.swift; sourceTree = "<group>"; };
/* End PBXFileReference section */

/* Begin PBXFrameworksBuildPhase section */
		6D5D6D152C8CCD950002BA68 /* Frameworks */ = {
			isa = PBXFrameworksBuildPhase;
			buildActionMask = 2147483647;
			files = (
			);
			runOnlyForDeploymentPostprocessing = 0;
		};
		6D5D6D2B2C8CCD980002BA68 /* Frameworks */ = {
			isa = PBXFrameworksBuildPhase;
			buildActionMask = 2147483647;
			files = (
			);
			runOnlyForDeploymentPostprocessing = 0;
		};
		6D5D6D352C8CCD980002BA68 /* Frameworks */ = {
			isa = PBXFrameworksBuildPhase;
			buildActionMask = 2147483647;
			files = (
			);
			runOnlyForDeploymentPostprocessing = 0;
		};
/* End PBXFrameworksBuildPhase section */

/* Begin PBXGroup section */
		6D5D6D0F2C8CCD950002BA68 = {
			isa = PBXGroup;
			children = (
				6D5D6D1A2C8CCD950002BA68 /* avito-unsplash-test */,
				6D5D6D312C8CCD980002BA68 /* avito-unsplash-testTests */,
				6D5D6D3B2C8CCD980002BA68 /* avito-unsplash-testUITests */,
				6D5D6D192C8CCD950002BA68 /* Products */,
			);
			sourceTree = "<group>";
		};
		6D5D6D192C8CCD950002BA68 /* Products */ = {
			isa = PBXGroup;
			children = (
				6D5D6D182C8CCD950002BA68 /* avito-unsplash-test.app */,
				6D5D6D2E2C8CCD980002BA68 /* avito-unsplash-testTests.xctest */,
				6D5D6D382C8CCD980002BA68 /* avito-unsplash-testUITests.xctest */,
			);
			name = Products;
			sourceTree = "<group>";
		};
		6D5D6D1A2C8CCD950002BA68 /* avito-unsplash-test */ = {
			isa = PBXGroup;
			children = (
				6D5D6D1B2C8CCD950002BA68 /* AppDelegate.swift */,
				6D5D6D1D2C8CCD950002BA68 /* SceneDelegate.swift */,
				6D5D6D1F2C8CCD950002BA68 /* ViewController.swift */,
				6D5D6D212C8CCD950002BA68 /* Main.storyboard */,
				6D5D6D242C8CCD970002BA68 /* Assets.xcassets */,
				6D5D6D262C8CCD970002BA68 /* LaunchScreen.storyboard */,
				6D5D6D292C8CCD970002BA68 /* Info.plist */,
			);
			path = "avito-unsplash-test";
			sourceTree = "<group>";
		};
		6D5D6D312C8CCD980002BA68 /* avito-unsplash-testTests */ = {
			isa = PBXGroup;
			children = (
				6D5D6D322C8CCD980002BA68 /* avito_unsplash_testTests.swift */,
			);
			path = "avito-unsplash-testTests";
			sourceTree = "<group>";
		};
		6D5D6D3B2C8CCD980002BA68 /* avito-unsplash-testUITests */ = {
			isa = PBXGroup;
			children = (
				6D5D6D3C2C8CCD980002BA68 /* avito_unsplash_testUITests.swift */,
				6D5D6D3E2C8CCD980002BA68 /* avito_unsplash_testUITestsLaunchTests.swift */,
			);
			path = "avito-unsplash-testUITests";
			sourceTree = "<group>";
		};
/* End PBXGroup section */

/* Begin PBXNativeTarget section */
		6D5D6D172C8CCD950002BA68 /* avito-unsplash-test */ = {
			isa = PBXNativeTarget;
			buildConfigurationList = 6D5D6D422C8CCD980002BA68 /* Build configuration list for PBXNativeTarget "avito-unsplash-test" */;
			buildPhases = (
				6D5D6D142C8CCD950002BA68 /* Sources */,
				6D5D6D152C8CCD950002BA68 /* Frameworks */,
				6D5D6D162C8CCD950002BA68 /* Resources */,
			);
			buildRules = (
			);
			dependencies = (
			);
			name = "avito-unsplash-test";
			productName = "avito-unsplash-test";
			productReference = 6D5D6D182C8CCD950002BA68 /* avito-unsplash-test.app */;
			productType = "com.apple.product-type.application";
		};
		6D5D6D2D2C8CCD980002BA68 /* avito-unsplash-testTests */ = {
			isa = PBXNativeTarget;
			buildConfigurationList = 6D5D6D452C8CCD980002BA68 /* Build configuration list for PBXNativeTarget "avito-unsplash-testTests" */;
			buildPhases = (
				6D5D6D2A2C8CCD980002BA68 /* Sources */,
				6D5D6D2B2C8CCD980002BA68 /* Frameworks */,
				6D5D6D2C2C8CCD980002BA68 /* Resources */,
			);
			buildRules = (
			);
			dependencies = (
				6D5D6D302C8CCD980002BA68 /* PBXTargetDependency */,
			);
			name = "avito-unsplash-testTests";
			productName = "avito-unsplash-testTests";
			productReference = 6D5D6D2E2C8CCD980002BA68 /* avito-unsplash-testTests.xctest */;
			productType = "com.apple.product-type.bundle.unit-test";
		};
		6D5D6D372C8CCD980002BA68 /* avito-unsplash-testUITests */ = {
			isa = PBXNativeTarget;
			buildConfigurationList = 6D5D6D482C8CCD980002BA68 /* Build configuration list for PBXNativeTarget "avito-unsplash-testUITests" */;
			buildPhases = (
				6D5D6D342C8CCD980002BA68 /* Sources */,
				6D5D6D352C8CCD980002BA68 /* Frameworks */,
				6D5D6D362C8CCD980002BA68 /* Resources */,
			);
			buildRules = (
			);
			dependencies = (
				6D5D6D3A2C8CCD980002BA68 /* PBXTargetDependency */,
			);
			name = "avito-unsplash-testUITests";
			productName = "avito-unsplash-testUITests";
			productReference = 6D5D6D382C8CCD980002BA68 /* avito-unsplash-testUITests.xctest */;
			productType = "com.apple.product-type.bundle.ui-testing";
		};
/* End PBXNativeTarget section */

/* Begin PBXProject section */
		6D5D6D102C8CCD950002BA68 /* Project object */ = {
			isa = PBXProject;
			attributes = {
				BuildIndependentTargetsInParallel = 1;
				LastSwiftUpdateCheck = 1540;
				LastUpgradeCheck = 1540;
				TargetAttributes = {
					6D5D6D172C8CCD950002BA68 = {
						CreatedOnToolsVersion = 15.4;
					};
					6D5D6D2D2C8CCD980002BA68 = {
						CreatedOnToolsVersion = 15.4;
						TestTargetID = 6D5D6D172C8CCD950002BA68;
					};
					6D5D6D372C8CCD980002BA68 = {
						CreatedOnToolsVersion = 15.4;
						TestTargetID = 6D5D6D172C8CCD950002BA68;
					};
				};
			};
			buildConfigurationList = 6D5D6D132C8CCD950002BA68 /* Build configuration list for PBXProject "avito-unsplash-test" */;
			compatibilityVersion = "Xcode 14.0";
			developmentRegion = en;
			hasScannedForEncodings = 0;
			knownRegions = (
				en,
				Base,
			);
			mainGroup = 6D5D6D0F2C8CCD950002BA68;
			productRefGroup = 6D5D6D192C8CCD950002BA68 /* Products */;
			projectDirPath = "";
			projectRoot = "";
			targets = (
				6D5D6D172C8CCD950002BA68 /* avito-unsplash-test */,
				6D5D6D2D2C8CCD980002BA68 /* avito-unsplash-testTests */,
				6D5D6D372C8CCD980002BA68 /* avito-unsplash-testUITests */,
			);
		};
/* End PBXProject section */

/* Begin PBXResourcesBuildPhase section */
		6D5D6D162C8CCD950002BA68 /* Resources */ = {
			isa = PBXResourcesBuildPhase;
			buildActionMask = 2147483647;
			files = (
				6D5D6D252C8CCD970002BA68 /* Assets.xcassets in Resources */,
				6D5D6D282C8CCD970002BA68 /* Base in Resources */,
				6D5D6D232C8CCD950002BA68 /* Base in Resources */,
			);
			runOnlyForDeploymentPostprocessing = 0;
		};
		6D5D6D2C2C8CCD980002BA68 /* Resources */ = {
			isa = PBXResourcesBuildPhase;
			buildActionMask = 2147483647;
			files = (
			);
			runOnlyForDeploymentPostprocessing = 0;
		};
		6D5D6D362C8CCD980002BA68 /* Resources */ = {
			isa = PBXResourcesBuildPhase;
			buildActionMask = 2147483647;
			files = (
			);
			runOnlyForDeploymentPostprocessing = 0;
		};
/* End PBXResourcesBuildPhase section */

/* Begin PBXSourcesBuildPhase section */
		6D5D6D142C8CCD950002BA68 /* Sources */ = {
			isa = PBXSourcesBuildPhase;
			buildActionMask = 2147483647;
			files = (
				6D5D6D202C8CCD950002BA68 /* ViewController.swift in Sources */,
				6D5D6D1C2C8CCD950002BA68 /* AppDelegate.swift in Sources */,
				6D5D6D1E2C8CCD950002BA68 /* SceneDelegate.swift in Sources */,
			);
			runOnlyForDeploymentPostprocessing = 0;
		};
		6D5D6D2A2C8CCD980002BA68 /* Sources */ = {
			isa = PBXSourcesBuildPhase;
			buildActionMask = 2147483647;
			files = (
				6D5D6D332C8CCD980002BA68 /* avito_unsplash_testTests.swift in Sources */,
			);
			runOnlyForDeploymentPostprocessing = 0;
		};
		6D5D6D342C8CCD980002BA68 /* Sources */ = {
			isa = PBXSourcesBuildPhase;
			buildActionMask = 2147483647;
			files = (
				6D5D6D3F2C8CCD980002BA68 /* avito_unsplash_testUITestsLaunchTests.swift in Sources */,
				6D5D6D3D2C8CCD980002BA68 /* avito_unsplash_testUITests.swift in Sources */,
			);
			runOnlyForDeploymentPostprocessing = 0;
		};
/* End PBXSourcesBuildPhase section */

/* Begin PBXTargetDependency section */
		6D5D6D302C8CCD980002BA68 /* PBXTargetDependency */ = {
			isa = PBXTargetDependency;
			target = 6D5D6D172C8CCD950002BA68 /* avito-unsplash-test */;
			targetProxy = 6D5D6D2F2C8CCD980002BA68 /* PBXContainerItemProxy */;
		};
		6D5D6D3A2C8CCD980002BA68 /* PBXTargetDependency */ = {
			isa = PBXTargetDependency;
			target = 6D5D6D172C8CCD950002BA68 /* avito-unsplash-test */;
			targetProxy = 6D5D6D392C8CCD980002BA68 /* PBXContainerItemProxy */;
		};
/* End PBXTargetDependency section */

/* Begin PBXVariantGroup section */
		6D5D6D212C8CCD950002BA68 /* Main.storyboard */ = {
			isa = PBXVariantGroup;
			children = (
				6D5D6D222C8CCD950002BA68 /* Base */,
			);
			name = Main.storyboard;
			sourceTree = "<group>";
		};
		6D5D6D262C8CCD970002BA68 /* LaunchScreen.storyboard */ = {
			isa = PBXVariantGroup;
			children = (
				6D5D6D272C8CCD970002BA68 /* Base */,
			);
			name = LaunchScreen.storyboard;
			sourceTree = "<group>";
		};
/* End PBXVariantGroup section */

/* Begin XCBuildConfiguration section */
		6D5D6D402C8CCD980002BA68 /* Debug */ = {
			isa = XCBuildConfiguration;
			buildSettings = {
				ALWAYS_SEARCH_USER_PATHS = NO;
				ASSETCATALOG_COMPILER_GENERATE_SWIFT_ASSET_SYMBOL_EXTENSIONS = YES;
				CLANG_ANALYZER_NONNULL = YES;
				CLANG_ANALYZER_NUMBER_OBJECT_CONVERSION = YES_AGGRESSIVE;
				CLANG_CXX_LANGUAGE_STANDARD = "gnu++20";
				CLANG_ENABLE_MODULES = YES;
				CLANG_ENABLE_OBJC_ARC = YES;
				CLANG_ENABLE_OBJC_WEAK = YES;
				CLANG_WARN_BLOCK_CAPTURE_AUTORELEASING = YES;
				CLANG_WARN_BOOL_CONVERSION = YES;
				CLANG_WARN_COMMA = YES;
				CLANG_WARN_CONSTANT_CONVERSION = YES;
				CLANG_WARN_DEPRECATED_OBJC_IMPLEMENTATIONS = YES;
				CLANG_WARN_DIRECT_OBJC_ISA_USAGE = YES_ERROR;
				CLANG_WARN_DOCUMENTATION_COMMENTS = YES;
				CLANG_WARN_EMPTY_BODY = YES;
				CLANG_WARN_ENUM_CONVERSION = YES;
				CLANG_WARN_INFINITE_RECURSION = YES;
				CLANG_WARN_INT_CONVERSION = YES;
				CLANG_WARN_NON_LITERAL_NULL_CONVERSION = YES;
				CLANG_WARN_OBJC_IMPLICIT_RETAIN_SELF = YES;
				CLANG_WARN_OBJC_LITERAL_CONVERSION = YES;
				CLANG_WARN_OBJC_ROOT_CLASS = YES_ERROR;
				CLANG_WARN_QUOTED_INCLUDE_IN_FRAMEWORK_HEADER = YES;
				CLANG_WARN_RANGE_LOOP_ANALYSIS = YES;
				CLANG_WARN_STRICT_PROTOTYPES = YES;
				CLANG_WARN_SUSPICIOUS_MOVE = YES;
				CLANG_WARN_UNGUARDED_AVAILABILITY = YES_AGGRESSIVE;
				CLANG_WARN_UNREACHABLE_CODE = YES;
				CLANG_WARN__DUPLICATE_METHOD_MATCH = YES;
				COPY_PHASE_STRIP = NO;
				DEBUG_INFORMATION_FORMAT = dwarf;
				ENABLE_STRICT_OBJC_MSGSEND = YES;
				ENABLE_TESTABILITY = YES;
				ENABLE_USER_SCRIPT_SANDBOXING = YES;
				GCC_C_LANGUAGE_STANDARD = gnu17;
				GCC_DYNAMIC_NO_PIC = NO;
				GCC_NO_COMMON_BLOCKS = YES;
				GCC_OPTIMIZATION_LEVEL = 0;
				GCC_PREPROCESSOR_DEFINITIONS = (
					"DEBUG=1",
					"$(inherited)",
				);
				GCC_WARN_64_TO_32_BIT_CONVERSION = YES;
				GCC_WARN_ABOUT_RETURN_TYPE = YES_ERROR;
				GCC_WARN_UNDECLARED_SELECTOR = YES;
				GCC_WARN_UNINITIALIZED_AUTOS = YES_AGGRESSIVE;
				GCC_WARN_UNUSED_FUNCTION = YES;
				GCC_WARN_UNUSED_VARIABLE = YES;
				IPHONEOS_DEPLOYMENT_TARGET = 17.5;
				LOCALIZATION_PREFERS_STRING_CATALOGS = YES;
				MTL_ENABLE_DEBUG_INFO = INCLUDE_SOURCE;
				MTL_FAST_MATH = YES;
				ONLY_ACTIVE_ARCH = YES;
				SDKROOT = iphoneos;
				SWIFT_ACTIVE_COMPILATION_CONDITIONS = "DEBUG $(inherited)";
				SWIFT_OPTIMIZATION_LEVEL = "-Onone";
			};
			name = Debug;
		};
		6D5D6D412C8CCD980002BA68 /* Release */ = {
			isa = XCBuildConfiguration;
			buildSettings = {
				ALWAYS_SEARCH_USER_PATHS = NO;
				ASSETCATALOG_COMPILER_GENERATE_SWIFT_ASSET_SYMBOL_EXTENSIONS = YES;
				CLANG_ANALYZER_NONNULL = YES;
				CLANG_ANALYZER_NUMBER_OBJECT_CONVERSION = YES_AGGRESSIVE;
				CLANG_CXX_LANGUAGE_STANDARD = "gnu++20";
				CLANG_ENABLE_MODULES = YES;
				CLANG_ENABLE_OBJC_ARC = YES;
				CLANG_ENABLE_OBJC_WEAK = YES;
				CLANG_WARN_BLOCK_CAPTURE_AUTORELEASING = YES;
				CLANG_WARN_BOOL_CONVERSION = YES;
				CLANG_WARN_COMMA = YES;
				CLANG_WARN_CONSTANT_CONVERSION = YES;
				CLANG_WARN_DEPRECATED_OBJC_IMPLEMENTATIONS = YES;
				CLANG_WARN_DIRECT_OBJC_ISA_USAGE = YES_ERROR;
				CLANG_WARN_DOCUMENTATION_COMMENTS = YES;
				CLANG_WARN_EMPTY_BODY = YES;
				CLANG_WARN_ENUM_CONVERSION = YES;
				CLANG_WARN_INFINITE_RECURSION = YES;
				CLANG_WARN_INT_CONVERSION = YES;
				CLANG_WARN_NON_LITERAL_NULL_CONVERSION = YES;
				CLANG_WARN_OBJC_IMPLICIT_RETAIN_SELF = YES;
				CLANG_WARN_OBJC_LITERAL_CONVERSION = YES;
				CLANG_WARN_OBJC_ROOT_CLASS = YES_ERROR;
				CLANG_WARN_QUOTED_INCLUDE_IN_FRAMEWORK_HEADER = YES;
				CLANG_WARN_RANGE_LOOP_ANALYSIS = YES;
				CLANG_WARN_STRICT_PROTOTYPES = YES;
				CLANG_WARN_SUSPICIOUS_MOVE = YES;
				CLANG_WARN_UNGUARDED_AVAILABILITY = YES_AGGRESSIVE;
				CLANG_WARN_UNREACHABLE_CODE = YES;
				CLANG_WARN__DUPLICATE_METHOD_MATCH = YES;
				COPY_PHASE_STRIP = NO;
				DEBUG_INFORMATION_FORMAT = "dwarf-with-dsym";
				ENABLE_NS_ASSERTIONS = NO;
				ENABLE_STRICT_OBJC_MSGSEND = YES;
				ENABLE_USER_SCRIPT_SANDBOXING = YES;
				GCC_C_LANGUAGE_STANDARD = gnu17;
				GCC_NO_COMMON_BLOCKS = YES;
				GCC_WARN_64_TO_32_BIT_CONVERSION = YES;
				GCC_WARN_ABOUT_RETURN_TYPE = YES_ERROR;
				GCC_WARN_UNDECLARED_SELECTOR = YES;
				GCC_WARN_UNINITIALIZED_AUTOS = YES_AGGRESSIVE;
				GCC_WARN_UNUSED_FUNCTION = YES;
				GCC_WARN_UNUSED_VARIABLE = YES;
				IPHONEOS_DEPLOYMENT_TARGET = 17.5;
				LOCALIZATION_PREFERS_STRING_CATALOGS = YES;
				MTL_ENABLE_DEBUG_INFO = NO;
				MTL_FAST_MATH = YES;
				SDKROOT = iphoneos;
				SWIFT_COMPILATION_MODE = wholemodule;
				VALIDATE_PRODUCT = YES;
			};
			name = Release;
		};
		6D5D6D432C8CCD980002BA68 /* Debug */ = {
			isa = XCBuildConfiguration;
			buildSettings = {
				ASSETCATALOG_COMPILER_APPICON_NAME = AppIcon;
				ASSETCATALOG_COMPILER_GLOBAL_ACCENT_COLOR_NAME = AccentColor;
				CODE_SIGN_STYLE = Automatic;
				CURRENT_PROJECT_VERSION = 1;
				DEVELOPMENT_TEAM = PJ4TAD8N5W;
				GENERATE_INFOPLIST_FILE = YES;
				INFOPLIST_FILE = "avito-unsplash-test/Info.plist";
				INFOPLIST_KEY_UIApplicationSupportsIndirectInputEvents = YES;
				INFOPLIST_KEY_UILaunchStoryboardName = LaunchScreen;
				INFOPLIST_KEY_UIMainStoryboardFile = Main;
				INFOPLIST_KEY_UISupportedInterfaceOrientations_iPad = "UIInterfaceOrientationPortrait UIInterfaceOrientationPortraitUpsideDown UIInterfaceOrientationLandscapeLeft UIInterfaceOrientationLandscapeRight";
				INFOPLIST_KEY_UISupportedInterfaceOrientations_iPhone = "UIInterfaceOrientationPortrait UIInterfaceOrientationLandscapeLeft UIInterfaceOrientationLandscapeRight";
				LD_RUNPATH_SEARCH_PATHS = (
					"$(inherited)",
					"@executable_path/Frameworks",
				);
				MARKETING_VERSION = 1.0;
				PRODUCT_BUNDLE_IDENTIFIER = "com.kulikmark.avito-unsplash-test";
				PRODUCT_NAME = "$(TARGET_NAME)";
				SWIFT_EMIT_LOC_STRINGS = YES;
				SWIFT_VERSION = 5.0;
				TARGETED_DEVICE_FAMILY = "1,2";
			};
			name = Debug;
		};
		6D5D6D442C8CCD980002BA68 /* Release */ = {
			isa = XCBuildConfiguration;
			buildSettings = {
				ASSETCATALOG_COMPILER_APPICON_NAME = AppIcon;
				ASSETCATALOG_COMPILER_GLOBAL_ACCENT_COLOR_NAME = AccentColor;
				CODE_SIGN_STYLE = Automatic;
				CURRENT_PROJECT_VERSION = 1;
				DEVELOPMENT_TEAM = PJ4TAD8N5W;
				GENERATE_INFOPLIST_FILE = YES;
				INFOPLIST_FILE = "avito-unsplash-test/Info.plist";
				INFOPLIST_KEY_UIApplicationSupportsIndirectInputEvents = YES;
				INFOPLIST_KEY_UILaunchStoryboardName = LaunchScreen;
				INFOPLIST_KEY_UIMainStoryboardFile = Main;
				INFOPLIST_KEY_UISupportedInterfaceOrientations_iPad = "UIInterfaceOrientationPortrait UIInterfaceOrientationPortraitUpsideDown UIInterfaceOrientationLandscapeLeft UIInterfaceOrientationLandscapeRight";
				INFOPLIST_KEY_UISupportedInterfaceOrientations_iPhone = "UIInterfaceOrientationPortrait UIInterfaceOrientationLandscapeLeft UIInterfaceOrientationLandscapeRight";
				LD_RUNPATH_SEARCH_PATHS = (
					"$(inherited)",
					"@executable_path/Frameworks",
				);
				MARKETING_VERSION = 1.0;
				PRODUCT_BUNDLE_IDENTIFIER = "com.kulikmark.avito-unsplash-test";
				PRODUCT_NAME = "$(TARGET_NAME)";
				SWIFT_EMIT_LOC_STRINGS = YES;
				SWIFT_VERSION = 5.0;
				TARGETED_DEVICE_FAMILY = "1,2";
			};
			name = Release;
		};
		6D5D6D462C8CCD980002BA68 /* Debug */ = {
			isa = XCBuildConfiguration;
			buildSettings = {
				ALWAYS_EMBED_SWIFT_STANDARD_LIBRARIES = YES;
				BUNDLE_LOADER = "$(TEST_HOST)";
				CODE_SIGN_STYLE = Automatic;
				CURRENT_PROJECT_VERSION = 1;
				DEVELOPMENT_TEAM = PJ4TAD8N5W;
				GENERATE_INFOPLIST_FILE = YES;
				IPHONEOS_DEPLOYMENT_TARGET = 17.5;
				MARKETING_VERSION = 1.0;
				PRODUCT_BUNDLE_IDENTIFIER = "com.kulikmark.avito-unsplash-testTests";
				PRODUCT_NAME = "$(TARGET_NAME)";
				SWIFT_EMIT_LOC_STRINGS = NO;
				SWIFT_VERSION = 5.0;
				TARGETED_DEVICE_FAMILY = "1,2";
				TEST_HOST = "$(BUILT_PRODUCTS_DIR)/avito-unsplash-test.app/$(BUNDLE_EXECUTABLE_FOLDER_PATH)/avito-unsplash-test";
			};
			name = Debug;
		};
		6D5D6D472C8CCD980002BA68 /* Release */ = {
			isa = XCBuildConfiguration;
			buildSettings = {
				ALWAYS_EMBED_SWIFT_STANDARD_LIBRARIES = YES;
				BUNDLE_LOADER = "$(TEST_HOST)";
				CODE_SIGN_STYLE = Automatic;
				CURRENT_PROJECT_VERSION = 1;
				DEVELOPMENT_TEAM = PJ4TAD8N5W;
				GENERATE_INFOPLIST_FILE = YES;
				IPHONEOS_DEPLOYMENT_TARGET = 17.5;
				MARKETING_VERSION = 1.0;
				PRODUCT_BUNDLE_IDENTIFIER = "com.kulikmark.avito-unsplash-testTests";
				PRODUCT_NAME = "$(TARGET_NAME)";
				SWIFT_EMIT_LOC_STRINGS = NO;
				SWIFT_VERSION = 5.0;
				TARGETED_DEVICE_FAMILY = "1,2";
				TEST_HOST = "$(BUILT_PRODUCTS_DIR)/avito-unsplash-test.app/$(BUNDLE_EXECUTABLE_FOLDER_PATH)/avito-unsplash-test";
			};
			name = Release;
		};
		6D5D6D492C8CCD980002BA68 /* Debug */ = {
			isa = XCBuildConfiguration;
			buildSettings = {
				ALWAYS_EMBED_SWIFT_STANDARD_LIBRARIES = YES;
				CODE_SIGN_STYLE = Automatic;
				CURRENT_PROJECT_VERSION = 1;
				DEVELOPMENT_TEAM = PJ4TAD8N5W;
				GENERATE_INFOPLIST_FILE = YES;
				MARKETING_VERSION = 1.0;
				PRODUCT_BUNDLE_IDENTIFIER = "com.kulikmark.avito-unsplash-testUITests";
				PRODUCT_NAME = "$(TARGET_NAME)";
				SWIFT_EMIT_LOC_STRINGS = NO;
				SWIFT_VERSION = 5.0;
				TARGETED_DEVICE_FAMILY = "1,2";
				TEST_TARGET_NAME = "avito-unsplash-test";
			};
			name = Debug;
		};
		6D5D6D4A2C8CCD980002BA68 /* Release */ = {
			isa = XCBuildConfiguration;
			buildSettings = {
				ALWAYS_EMBED_SWIFT_STANDARD_LIBRARIES = YES;
				CODE_SIGN_STYLE = Automatic;
				CURRENT_PROJECT_VERSION = 1;
				DEVELOPMENT_TEAM = PJ4TAD8N5W;
				GENERATE_INFOPLIST_FILE = YES;
				MARKETING_VERSION = 1.0;
				PRODUCT_BUNDLE_IDENTIFIER = "com.kulikmark.avito-unsplash-testUITests";
				PRODUCT_NAME = "$(TARGET_NAME)";
				SWIFT_EMIT_LOC_STRINGS = NO;
				SWIFT_VERSION = 5.0;
				TARGETED_DEVICE_FAMILY = "1,2";
				TEST_TARGET_NAME = "avito-unsplash-test";
			};
			name = Release;
		};
/* End XCBuildConfiguration section */

/* Begin XCConfigurationList section */
		6D5D6D132C8CCD950002BA68 /* Build configuration list for PBXProject "avito-unsplash-test" */ = {
			isa = XCConfigurationList;
			buildConfigurations = (
				6D5D6D402C8CCD980002BA68 /* Debug */,
				6D5D6D412C8CCD980002BA68 /* Release */,
			);
			defaultConfigurationIsVisible = 0;
			defaultConfigurationName = Release;
		};
		6D5D6D422C8CCD980002BA68 /* Build configuration list for PBXNativeTarget "avito-unsplash-test" */ = {
			isa = XCConfigurationList;
			buildConfigurations = (
				6D5D6D432C8CCD980002BA68 /* Debug */,
				6D5D6D442C8CCD980002BA68 /* Release */,
			);
			defaultConfigurationIsVisible = 0;
			defaultConfigurationName = Release;
		};
		6D5D6D452C8CCD980002BA68 /* Build configuration list for PBXNativeTarget "avito-unsplash-testTests" */ = {
			isa = XCConfigurationList;
			buildConfigurations = (
				6D5D6D462C8CCD980002BA68 /* Debug */,
				6D5D6D472C8CCD980002BA68 /* Release */,
			);
			defaultConfigurationIsVisible = 0;
			defaultConfigurationName = Release;
		};
		6D5D6D482C8CCD980002BA68 /* Build configuration list for PBXNativeTarget "avito-unsplash-testUITests" */ = {
			isa = XCConfigurationList;
			buildConfigurations = (
				6D5D6D492C8CCD980002BA68 /* Debug */,
				6D5D6D4A2C8CCD980002BA68 /* Release */,
			);
			defaultConfigurationIsVisible = 0;
			defaultConfigurationName = Release;
		};
/* End XCConfigurationList section */
	};
	rootObject = 6D5D6D102C8CCD950002BA68 /* Project object */;
}
